{
  "name": "spring-boot-admin",
  "lockfileVersion": 3,
  "requires": true,
  "packages": {
    "node_modules/@algolia/cache-browser-local-storage": {
      "version": "4.17.0",
      "resolved": "https://registry.npmjs.org/@algolia/cache-browser-local-storage/-/cache-browser-local-storage-4.17.0.tgz",
      "integrity": "sha512-myRSRZDIMYB8uCkO+lb40YKiYHi0fjpWRtJpR/dgkaiBlSD0plRyB6lLOh1XIfmMcSeBOqDE7y9m8xZMrXYfyQ==",
      "dependencies": {
        "@algolia/cache-common": "4.17.0"
      }
    },
    "node_modules/@algolia/cache-common": {
      "version": "4.17.0",
      "resolved": "https://registry.npmjs.org/@algolia/cache-common/-/cache-common-4.17.0.tgz",
      "integrity": "sha512-g8mXzkrcUBIPZaulAuqE7xyHhLAYAcF2xSch7d9dABheybaU3U91LjBX6eJTEB7XVhEsgK4Smi27vWtAJRhIKQ=="
    },
    "node_modules/@algolia/cache-in-memory": {
      "version": "4.17.0",
      "resolved": "https://registry.npmjs.org/@algolia/cache-in-memory/-/cache-in-memory-4.17.0.tgz",
      "integrity": "sha512-PT32ciC/xI8z919d0oknWVu3kMfTlhQn3MKxDln3pkn+yA7F7xrxSALysxquv+MhFfNAcrtQ/oVvQVBAQSHtdw==",
      "dependencies": {
        "@algolia/cache-common": "4.17.0"
      }
    },
    "node_modules/@algolia/client-account": {
      "version": "4.17.0",
      "resolved": "https://registry.npmjs.org/@algolia/client-account/-/client-account-4.17.0.tgz",
      "integrity": "sha512-sSEHx9GA6m7wrlsSMNBGfyzlIfDT2fkz2u7jqfCCd6JEEwmxt8emGmxAU/0qBfbhRSuGvzojoLJlr83BSZAKjA==",
      "dependencies": {
        "@algolia/client-common": "4.17.0",
        "@algolia/client-search": "4.17.0",
        "@algolia/transporter": "4.17.0"
      }
    },
    "node_modules/@algolia/client-analytics": {
      "version": "4.17.0",
      "resolved": "https://registry.npmjs.org/@algolia/client-analytics/-/client-analytics-4.17.0.tgz",
      "integrity": "sha512-84ooP8QA3mQ958hQ9wozk7hFUbAO+81CX1CjAuerxBqjKIInh1fOhXKTaku05O/GHBvcfExpPLIQuSuLYziBXQ==",
      "dependencies": {
        "@algolia/client-common": "4.17.0",
        "@algolia/client-search": "4.17.0",
        "@algolia/requester-common": "4.17.0",
        "@algolia/transporter": "4.17.0"
      }
    },
    "node_modules/@algolia/client-common": {
      "version": "4.17.0",
      "resolved": "https://registry.npmjs.org/@algolia/client-common/-/client-common-4.17.0.tgz",
      "integrity": "sha512-jHMks0ZFicf8nRDn6ma8DNNsdwGgP/NKiAAL9z6rS7CymJ7L0+QqTJl3rYxRW7TmBhsUH40wqzmrG6aMIN/DrQ==",
      "dependencies": {
        "@algolia/requester-common": "4.17.0",
        "@algolia/transporter": "4.17.0"
      }
    },
    "node_modules/@algolia/client-personalization": {
      "version": "4.17.0",
      "resolved": "https://registry.npmjs.org/@algolia/client-personalization/-/client-personalization-4.17.0.tgz",
      "integrity": "sha512-RMzN4dZLIta1YuwT7QC9o+OeGz2cU6eTOlGNE/6RcUBLOU3l9tkCOdln5dPE2jp8GZXPl2yk54b2nSs1+pAjqw==",
      "dependencies": {
        "@algolia/client-common": "4.17.0",
        "@algolia/requester-common": "4.17.0",
        "@algolia/transporter": "4.17.0"
      }
    },
    "node_modules/@algolia/client-search": {
      "version": "4.17.0",
      "resolved": "https://registry.npmjs.org/@algolia/client-search/-/client-search-4.17.0.tgz",
      "integrity": "sha512-x4P2wKrrRIXszT8gb7eWsMHNNHAJs0wE7/uqbufm4tZenAp+hwU/hq5KVsY50v+PfwM0LcDwwn/1DroujsTFoA==",
      "dependencies": {
        "@algolia/client-common": "4.17.0",
        "@algolia/requester-common": "4.17.0",
        "@algolia/transporter": "4.17.0"
      }
    },
    "node_modules/@algolia/logger-common": {
      "version": "4.17.0",
      "resolved": "https://registry.npmjs.org/@algolia/logger-common/-/logger-common-4.17.0.tgz",
      "integrity": "sha512-DGuoZqpTmIKJFDeyAJ7M8E/LOenIjWiOsg1XJ1OqAU/eofp49JfqXxbfgctlVZVmDABIyOz8LqEoJ6ZP4DTyvw=="
    },
    "node_modules/@algolia/logger-console": {
      "version": "4.17.0",
      "resolved": "https://registry.npmjs.org/@algolia/logger-console/-/logger-console-4.17.0.tgz",
      "integrity": "sha512-zMPvugQV/gbXUvWBCzihw6m7oxIKp48w37QBIUu/XqQQfxhjoOE9xyfJr1KldUt5FrYOKZJVsJaEjTsu+bIgQg==",
      "dependencies": {
        "@algolia/logger-common": "4.17.0"
      }
    },
    "node_modules/@algolia/requester-browser-xhr": {
      "version": "4.17.0",
      "resolved": "https://registry.npmjs.org/@algolia/requester-browser-xhr/-/requester-browser-xhr-4.17.0.tgz",
      "integrity": "sha512-aSOX/smauyTkP21Pf52pJ1O2LmNFJ5iHRIzEeTh0mwBeADO4GdG94cAWDILFA9rNblq/nK3EDh3+UyHHjplZ1A==",
      "dependencies": {
        "@algolia/requester-common": "4.17.0"
      }
    },
    "node_modules/@algolia/requester-common": {
      "version": "4.17.0",
      "resolved": "https://registry.npmjs.org/@algolia/requester-common/-/requester-common-4.17.0.tgz",
      "integrity": "sha512-XJjmWFEUlHu0ijvcHBoixuXfEoiRUdyzQM6YwTuB8usJNIgShua8ouFlRWF8iCeag0vZZiUm4S2WCVBPkdxFgg=="
    },
    "node_modules/@algolia/requester-node-http": {
      "version": "4.17.0",
      "resolved": "https://registry.npmjs.org/@algolia/requester-node-http/-/requester-node-http-4.17.0.tgz",
      "integrity": "sha512-bpb/wDA1aC6WxxM8v7TsFspB7yBN3nqCGs2H1OADolQR/hiAIjAxusbuMxVbRFOdaUvAIqioIIkWvZdpYNIn8w==",
      "dependencies": {
        "@algolia/requester-common": "4.17.0"
      }
    },
    "node_modules/@algolia/transporter": {
      "version": "4.17.0",
      "resolved": "https://registry.npmjs.org/@algolia/transporter/-/transporter-4.17.0.tgz",
      "integrity": "sha512-6xL6H6fe+Fi0AEP3ziSgC+G04RK37iRb4uUUqVAH9WPYFI8g+LYFq6iv5HS8Cbuc5TTut+Bwj6G+dh/asdb9uA==",
      "dependencies": {
        "@algolia/cache-common": "4.17.0",
        "@algolia/logger-common": "4.17.0",
        "@algolia/requester-common": "4.17.0"
      }
    },
    "node_modules/algoliasearch": {
      "version": "4.17.0",
      "resolved": "https://registry.npmjs.org/algoliasearch/-/algoliasearch-4.17.0.tgz",
      "integrity": "sha512-JMRh2Mw6sEnVMiz6+APsi7lx9a2jiDFF+WUtANaUVCv6uSU9UOLdo5h9K3pdP6frRRybaM2fX8b1u0nqICS9aA==",
      "dependencies": {
        "@algolia/cache-browser-local-storage": "4.17.0",
        "@algolia/cache-common": "4.17.0",
        "@algolia/cache-in-memory": "4.17.0",
        "@algolia/client-account": "4.17.0",
        "@algolia/client-analytics": "4.17.0",
        "@algolia/client-common": "4.17.0",
        "@algolia/client-personalization": "4.17.0",
        "@algolia/client-search": "4.17.0",
        "@algolia/logger-common": "4.17.0",
        "@algolia/logger-console": "4.17.0",
        "@algolia/requester-browser-xhr": "4.17.0",
        "@algolia/requester-common": "4.17.0",
        "@algolia/requester-node-http": "4.17.0",
        "@algolia/transporter": "4.17.0"
      }
    }
  }
}
