{
  "requires": true,
  "lockfileVersion": 1,
  "dependencies": {
    "js-tokens": {
      "version": "4.0.0",
      "resolved": "https://registry.npmjs.org/js-tokens/-/js-tokens-4.0.0.tgz",
      "integrity": "sha512-RdJUflcE3cUzKiMqQgsCu06FPu9UdIJO0beYbPhHN4k6apgJtifcoCtT9bcxOpYBtpD2kCM6Sbzg4CausW/PKQ=="
    },
    "loose-envify": {
      "version": "1.4.0",
      "resolved": "https://registry.npmjs.org/loose-envify/-/loose-envify-1.4.0.tgz",
      "integrity": "sha512-lyuxPGr/Wfhrlem2CL/UcnUc1zcqKAImBDzukY7Y5F/yQiNdko6+fRLevlw1HgMySw7f611UIY408EtxRSoK3Q==",
      "requires": {
        "js-tokens": "^3.0.0 || ^4.0.0"
      }
    },
    "vue-clickaway": {
      "version": "2.2.1",
      "resolved": "https://registry.npmjs.org/vue-clickaway/-/vue-clickaway-2.2.1.tgz",
      "integrity": "sha512-VArdx5/BGgvSU0vBIbhg0NFypL/nvQr77gUripnGHxzxrEfLADBnadhjGgBM+8l9Uj67SJHGfWUhDhmat47F7A==",
      "requires": {
        "loose-envify": "^1.2.0"
      }
    }
  }
}
